// !$*UTF8*$!
{
	archiveVersion = 1;
	classes = {
	};
	objectVersion = 51;
	objects = {

/* Begin PBXBuildFile section */
		720507961F877A3A00035BCA /* HistoryEntryCell.swift in Sources */ = {isa = PBXBuildFile; fileRef = 720507951F877A3A00035BCA /* HistoryEntryCell.swift */; };
		720507981F877E6D00035BCA /* HistoryViewController.swift in Sources */ = {isa = PBXBuildFile; fileRef = 720507971F877E6D00035BCA /* HistoryViewController.swift */; };
		7205079A1F87866300035BCA /* Provisioning.swift in Sources */ = {isa = PBXBuildFile; fileRef = 720507991F87866300035BCA /* Provisioning.swift */; };
		7205079C1F87A9CE00035BCA /* Date+Month.swift in Sources */ = {isa = PBXBuildFile; fileRef = 7205079B1F87A9CE00035BCA /* Date+Month.swift */; };
		722CB5FE230C6AF1000744AF /* StartScreenViewController.swift in Sources */ = {isa = PBXBuildFile; fileRef = 722CB5FD230C6AF1000744AF /* StartScreenViewController.swift */; };
		723E2C8724019027003BEA07 /* Alamofire.framework in Frameworks */ = {isa = PBXBuildFile; fileRef = 723E2C8524019027003BEA07 /* Alamofire.framework */; };
		723E2C8924019027003BEA07 /* SwiftyDropbox.framework in Frameworks */ = {isa = PBXBuildFile; fileRef = 723E2C8624019027003BEA07 /* SwiftyDropbox.framework */; };
		7242F394230752400083047B /* Realm.framework in Frameworks */ = {isa = PBXBuildFile; fileRef = 7242F390230752400083047B /* Realm.framework */; };
		7242F395230752400083047B /* FontAwesome.framework in Frameworks */ = {isa = PBXBuildFile; fileRef = 7242F391230752400083047B /* FontAwesome.framework */; };
		7242F396230752400083047B /* Eureka.framework in Frameworks */ = {isa = PBXBuildFile; fileRef = 7242F392230752400083047B /* Eureka.framework */; };
		7242F397230752400083047B /* RealmSwift.framework in Frameworks */ = {isa = PBXBuildFile; fileRef = 7242F393230752400083047B /* RealmSwift.framework */; };
		72B2929F1F6BBFAE00783908 /* AppDelegate.swift in Sources */ = {isa = PBXBuildFile; fileRef = 72B2929E1F6BBFAE00783908 /* AppDelegate.swift */; };
		72B292A11F6BBFAE00783908 /* EntryEditViewController.swift in Sources */ = {isa = PBXBuildFile; fileRef = 72B292A01F6BBFAE00783908 /* EntryEditViewController.swift */; };
		72B292A31F6BBFAE00783908 /* SettingsViewController.swift in Sources */ = {isa = PBXBuildFile; fileRef = 72B292A21F6BBFAE00783908 /* SettingsViewController.swift */; };
		72B292A61F6BBFAE00783908 /* Main.storyboard in Resources */ = {isa = PBXBuildFile; fileRef = 72B292A41F6BBFAE00783908 /* Main.storyboard */; };
		72B292A81F6BBFAE00783908 /* Assets.xcassets in Resources */ = {isa = PBXBuildFile; fileRef = 72B292A71F6BBFAE00783908 /* Assets.xcassets */; };
		72B292AB1F6BBFAE00783908 /* LaunchScreen.storyboard in Resources */ = {isa = PBXBuildFile; fileRef = 72B292A91F6BBFAE00783908 /* LaunchScreen.storyboard */; };
		72C39FB51F73DB8800B24CE0 /* Models.swift in Sources */ = {isa = PBXBuildFile; fileRef = 72C39FB41F73DB8800B24CE0 /* Models.swift */; };
		72F790FE1FA710C700455334 /* Styler.swift in Sources */ = {isa = PBXBuildFile; fileRef = 72F790FD1FA710C700455334 /* Styler.swift */; };
		72F791011FA72FB800455334 /* Buenard-Bold.ttf in Resources */ = {isa = PBXBuildFile; fileRef = 72F790FF1FA72FB800455334 /* Buenard-Bold.ttf */; };
		72F791021FA72FB800455334 /* Buenard-Regular.ttf in Resources */ = {isa = PBXBuildFile; fileRef = 72F791001FA72FB800455334 /* Buenard-Regular.ttf */; };
/* End PBXBuildFile section */

/* Begin PBXFileReference section */
		720507951F877A3A00035BCA /* HistoryEntryCell.swift */ = {isa = PBXFileReference; lastKnownFileType = sourcecode.swift; path = HistoryEntryCell.swift; sourceTree = "<group>"; };
		720507971F877E6D00035BCA /* HistoryViewController.swift */ = {isa = PBXFileReference; lastKnownFileType = sourcecode.swift; path = HistoryViewController.swift; sourceTree = "<group>"; };
		720507991F87866300035BCA /* Provisioning.swift */ = {isa = PBXFileReference; lastKnownFileType = sourcecode.swift; path = Provisioning.swift; sourceTree = "<group>"; };
		7205079B1F87A9CE00035BCA /* Date+Month.swift */ = {isa = PBXFileReference; lastKnownFileType = sourcecode.swift; path = "Date+Month.swift"; sourceTree = "<group>"; };
		722CB5FD230C6AF1000744AF /* StartScreenViewController.swift */ = {isa = PBXFileReference; lastKnownFileType = sourcecode.swift; path = StartScreenViewController.swift; sourceTree = "<group>"; };
		723E2C8524019027003BEA07 /* Alamofire.framework */ = {isa = PBXFileReference; lastKnownFileType = wrapper.framework; name = Alamofire.framework; path = Carthage/Build/iOS/Alamofire.framework; sourceTree = "<group>"; };
		723E2C8624019027003BEA07 /* SwiftyDropbox.framework */ = {isa = PBXFileReference; lastKnownFileType = wrapper.framework; name = SwiftyDropbox.framework; path = Carthage/Build/iOS/SwiftyDropbox.framework; sourceTree = "<group>"; };
		7242F390230752400083047B /* Realm.framework */ = {isa = PBXFileReference; lastKnownFileType = wrapper.framework; name = Realm.framework; path = Carthage/Build/iOS/Realm.framework; sourceTree = "<group>"; };
		7242F391230752400083047B /* FontAwesome.framework */ = {isa = PBXFileReference; lastKnownFileType = wrapper.framework; name = FontAwesome.framework; path = Carthage/Build/iOS/FontAwesome.framework; sourceTree = "<group>"; };
		7242F392230752400083047B /* Eureka.framework */ = {isa = PBXFileReference; lastKnownFileType = wrapper.framework; name = Eureka.framework; path = Carthage/Build/iOS/Eureka.framework; sourceTree = "<group>"; };
		7242F393230752400083047B /* RealmSwift.framework */ = {isa = PBXFileReference; lastKnownFileType = wrapper.framework; name = RealmSwift.framework; path = Carthage/Build/iOS/RealmSwift.framework; sourceTree = "<group>"; };
		72B2929B1F6BBFAE00783908 /* expensesMine.app */ = {isa = PBXFileReference; explicitFileType = wrapper.application; includeInIndex = 0; path = expensesMine.app; sourceTree = BUILT_PRODUCTS_DIR; };
		72B2929E1F6BBFAE00783908 /* AppDelegate.swift */ = {isa = PBXFileReference; lastKnownFileType = sourcecode.swift; path = AppDelegate.swift; sourceTree = "<group>"; };
		72B292A01F6BBFAE00783908 /* EntryEditViewController.swift */ = {isa = PBXFileReference; lastKnownFileType = sourcecode.swift; path = EntryEditViewController.swift; sourceTree = "<group>"; };
		72B292A21F6BBFAE00783908 /* SettingsViewController.swift */ = {isa = PBXFileReference; lastKnownFileType = sourcecode.swift; path = SettingsViewController.swift; sourceTree = "<group>"; };
		72B292A51F6BBFAE00783908 /* Base */ = {isa = PBXFileReference; lastKnownFileType = file.storyboard; name = Base; path = Base.lproj/Main.storyboard; sourceTree = "<group>"; };
		72B292A71F6BBFAE00783908 /* Assets.xcassets */ = {isa = PBXFileReference; lastKnownFileType = folder.assetcatalog; path = Assets.xcassets; sourceTree = "<group>"; };
		72B292AA1F6BBFAE00783908 /* Base */ = {isa = PBXFileReference; lastKnownFileType = file.storyboard; name = Base; path = Base.lproj/LaunchScreen.storyboard; sourceTree = "<group>"; };
		72B292AC1F6BBFAE00783908 /* Info.plist */ = {isa = PBXFileReference; lastKnownFileType = text.plist.xml; path = Info.plist; sourceTree = "<group>"; };
		72C39FB41F73DB8800B24CE0 /* Models.swift */ = {isa = PBXFileReference; lastKnownFileType = sourcecode.swift; path = Models.swift; sourceTree = "<group>"; };
		72F790FD1FA710C700455334 /* Styler.swift */ = {isa = PBXFileReference; lastKnownFileType = sourcecode.swift; path = Styler.swift; sourceTree = "<group>"; };
		72F790FF1FA72FB800455334 /* Buenard-Bold.ttf */ = {isa = PBXFileReference; lastKnownFileType = file; path = "Buenard-Bold.ttf"; sourceTree = "<group>"; };
		72F791001FA72FB800455334 /* Buenard-Regular.ttf */ = {isa = PBXFileReference; lastKnownFileType = file; path = "Buenard-Regular.ttf"; sourceTree = "<group>"; };
/* End PBXFileReference section */

/* Begin PBXFrameworksBuildPhase section */
		72B292981F6BBFAE00783908 /* Frameworks */ = {
			isa = PBXFrameworksBuildPhase;
			buildActionMask = 2147483647;
			files = (
				7242F394230752400083047B /* Realm.framework in Frameworks */,
				723E2C8924019027003BEA07 /* SwiftyDropbox.framework in Frameworks */,
				7242F395230752400083047B /* FontAwesome.framework in Frameworks */,
				7242F396230752400083047B /* Eureka.framework in Frameworks */,
				723E2C8724019027003BEA07 /* Alamofire.framework in Frameworks */,
				7242F397230752400083047B /* RealmSwift.framework in Frameworks */,
			);
			runOnlyForDeploymentPostprocessing = 0;
		};
/* End PBXFrameworksBuildPhase section */

/* Begin PBXGroup section */
		7242F38F230752400083047B /* Frameworks */ = {
			isa = PBXGroup;
			children = (
				723E2C8524019027003BEA07 /* Alamofire.framework */,
				723E2C8624019027003BEA07 /* SwiftyDropbox.framework */,
				7242F392230752400083047B /* Eureka.framework */,
				7242F391230752400083047B /* FontAwesome.framework */,
				7242F390230752400083047B /* Realm.framework */,
				7242F393230752400083047B /* RealmSwift.framework */,
			);
			name = Frameworks;
			sourceTree = "<group>";
		};
		72B292921F6BBFAE00783908 = {
			isa = PBXGroup;
			children = (
				72B2929D1F6BBFAE00783908 /* expensesMine */,
				72B2929C1F6BBFAE00783908 /* Products */,
				7242F38F230752400083047B /* Frameworks */,
			);
			sourceTree = "<group>";
		};
		72B2929C1F6BBFAE00783908 /* Products */ = {
			isa = PBXGroup;
			children = (
				72B2929B1F6BBFAE00783908 /* expensesMine.app */,
			);
			name = Products;
			sourceTree = "<group>";
		};
		72B2929D1F6BBFAE00783908 /* expensesMine */ = {
			isa = PBXGroup;
			children = (
				72B2929E1F6BBFAE00783908 /* AppDelegate.swift */,
				72B292A01F6BBFAE00783908 /* EntryEditViewController.swift */,
				72B292A21F6BBFAE00783908 /* SettingsViewController.swift */,
				720507971F877E6D00035BCA /* HistoryViewController.swift */,
				722CB5FD230C6AF1000744AF /* StartScreenViewController.swift */,
				720507951F877A3A00035BCA /* HistoryEntryCell.swift */,
				72C39FB41F73DB8800B24CE0 /* Models.swift */,
				72F790FD1FA710C700455334 /* Styler.swift */,
				7205079B1F87A9CE00035BCA /* Date+Month.swift */,
				720507991F87866300035BCA /* Provisioning.swift */,
				72B292A41F6BBFAE00783908 /* Main.storyboard */,
				72B292A71F6BBFAE00783908 /* Assets.xcassets */,
				72B292A91F6BBFAE00783908 /* LaunchScreen.storyboard */,
				72B292AC1F6BBFAE00783908 /* Info.plist */,
				72F791031FA72FC900455334 /* Resources */,
			);
			path = expensesMine;
			sourceTree = "<group>";
		};
		72F791031FA72FC900455334 /* Resources */ = {
			isa = PBXGroup;
			children = (
				72F790FF1FA72FB800455334 /* Buenard-Bold.ttf */,
				72F791001FA72FB800455334 /* Buenard-Regular.ttf */,
			);
			path = Resources;
			sourceTree = "<group>";
		};
/* End PBXGroup section */

/* Begin PBXNativeTarget section */
		72B2929A1F6BBFAE00783908 /* expensesMine */ = {
			isa = PBXNativeTarget;
			buildConfigurationList = 72B292AF1F6BBFAE00783908 /* Build configuration list for PBXNativeTarget "expensesMine" */;
			buildPhases = (
				72B292971F6BBFAE00783908 /* Sources */,
				72B292981F6BBFAE00783908 /* Frameworks */,
				72B292991F6BBFAE00783908 /* Resources */,
				7242F398230752740083047B /* ShellScript */,
			);
			buildRules = (
			);
			dependencies = (
			);
			name = expensesMine;
			productName = expensesMine;
			productReference = 72B2929B1F6BBFAE00783908 /* expensesMine.app */;
			productType = "com.apple.product-type.application";
		};
/* End PBXNativeTarget section */

/* Begin PBXProject section */
		72B292931F6BBFAE00783908 /* Project object */ = {
			isa = PBXProject;
			attributes = {
				LastSwiftUpdateCheck = 0830;
				LastUpgradeCheck = 1030;
				ORGANIZATIONNAME = "Martin Hochstraßer";
				TargetAttributes = {
					72B2929A1F6BBFAE00783908 = {
						CreatedOnToolsVersion = 8.3.3;
						DevelopmentTeam = TT5TKR2HF9;
						LastSwiftMigration = 0900;
						ProvisioningStyle = Automatic;
					};
				};
			};
			buildConfigurationList = 72B292961F6BBFAE00783908 /* Build configuration list for PBXProject "expensesMine" */;
			compatibilityVersion = "Xcode 3.2";
			developmentRegion = en;
			hasScannedForEncodings = 0;
			knownRegions = (
				en,
				Base,
			);
			mainGroup = 72B292921F6BBFAE00783908;
			productRefGroup = 72B2929C1F6BBFAE00783908 /* Products */;
			projectDirPath = "";
			projectRoot = "";
			targets = (
				72B2929A1F6BBFAE00783908 /* expensesMine */,
			);
		};
/* End PBXProject section */

/* Begin PBXResourcesBuildPhase section */
		72B292991F6BBFAE00783908 /* Resources */ = {
			isa = PBXResourcesBuildPhase;
			buildActionMask = 2147483647;
			files = (
				72B292AB1F6BBFAE00783908 /* LaunchScreen.storyboard in Resources */,
				72F791021FA72FB800455334 /* Buenard-Regular.ttf in Resources */,
				72B292A81F6BBFAE00783908 /* Assets.xcassets in Resources */,
				72B292A61F6BBFAE00783908 /* Main.storyboard in Resources */,
				72F791011FA72FB800455334 /* Buenard-Bold.ttf in Resources */,
			);
			runOnlyForDeploymentPostprocessing = 0;
		};
/* End PBXResourcesBuildPhase section */

/* Begin PBXShellScriptBuildPhase section */
		7242F398230752740083047B /* ShellScript */ = {
			isa = PBXShellScriptBuildPhase;
			buildActionMask = 2147483647;
			files = (
			);
			inputFileListPaths = (
				"$(SRCROOT)/input.xcfilelist",
			);
			inputPaths = (
			);
			outputFileListPaths = (
				"$(SRCROOT)/output.xcfilelist",
			);
			outputPaths = (
			);
			runOnlyForDeploymentPostprocessing = 0;
			shellPath = /bin/sh;
			shellScript = "# Type a script or drag a script file from your workspace to insert its path.\n/usr/local/bin/carthage copy-frameworks\n";
		};
/* End PBXShellScriptBuildPhase section */

/* Begin PBXSourcesBuildPhase section */
		72B292971F6BBFAE00783908 /* Sources */ = {
			isa = PBXSourcesBuildPhase;
			buildActionMask = 2147483647;
			files = (
				72F790FE1FA710C700455334 /* Styler.swift in Sources */,
				72B292A31F6BBFAE00783908 /* SettingsViewController.swift in Sources */,
				72B2929F1F6BBFAE00783908 /* AppDelegate.swift in Sources */,
				7205079C1F87A9CE00035BCA /* Date+Month.swift in Sources */,
				7205079A1F87866300035BCA /* Provisioning.swift in Sources */,
				722CB5FE230C6AF1000744AF /* StartScreenViewController.swift in Sources */,
				72B292A11F6BBFAE00783908 /* EntryEditViewController.swift in Sources */,
				720507981F877E6D00035BCA /* HistoryViewController.swift in Sources */,
				72C39FB51F73DB8800B24CE0 /* Models.swift in Sources */,
				720507961F877A3A00035BCA /* HistoryEntryCell.swift in Sources */,
			);
			runOnlyForDeploymentPostprocessing = 0;
		};
/* End PBXSourcesBuildPhase section */

/* Begin PBXVariantGroup section */
		72B292A41F6BBFAE00783908 /* Main.storyboard */ = {
			isa = PBXVariantGroup;
			children = (
				72B292A51F6BBFAE00783908 /* Base */,
			);
			name = Main.storyboard;
			sourceTree = "<group>";
		};
		72B292A91F6BBFAE00783908 /* LaunchScreen.storyboard */ = {
			isa = PBXVariantGroup;
			children = (
				72B292AA1F6BBFAE00783908 /* Base */,
			);
			name = LaunchScreen.storyboard;
			sourceTree = "<group>";
		};
/* End PBXVariantGroup section */

/* Begin XCBuildConfiguration section */
		72B292AD1F6BBFAE00783908 /* Debug */ = {
			isa = XCBuildConfiguration;
			buildSettings = {
				ALWAYS_SEARCH_USER_PATHS = NO;
				CLANG_ANALYZER_LOCALIZABILITY_NONLOCALIZED = YES;
				CLANG_ANALYZER_NONNULL = YES;
				CLANG_ANALYZER_NUMBER_OBJECT_CONVERSION = YES_AGGRESSIVE;
				CLANG_CXX_LANGUAGE_STANDARD = "gnu++0x";
				CLANG_CXX_LIBRARY = "libc++";
				CLANG_ENABLE_MODULES = YES;
				CLANG_ENABLE_OBJC_ARC = YES;
				CLANG_WARN_BLOCK_CAPTURE_AUTORELEASING = YES;
				CLANG_WARN_BOOL_CONVERSION = YES;
				CLANG_WARN_COMMA = YES;
				CLANG_WARN_CONSTANT_CONVERSION = YES;
				CLANG_WARN_DEPRECATED_OBJC_IMPLEMENTATIONS = YES;
				CLANG_WARN_DIRECT_OBJC_ISA_USAGE = YES_ERROR;
				CLANG_WARN_DOCUMENTATION_COMMENTS = YES;
				CLANG_WARN_EMPTY_BODY = YES;
				CLANG_WARN_ENUM_CONVERSION = YES;
				CLANG_WARN_INFINITE_RECURSION = YES;
				CLANG_WARN_INT_CONVERSION = YES;
				CLANG_WARN_NON_LITERAL_NULL_CONVERSION = YES;
				CLANG_WARN_OBJC_IMPLICIT_RETAIN_SELF = YES;
				CLANG_WARN_OBJC_LITERAL_CONVERSION = YES;
				CLANG_WARN_OBJC_ROOT_CLASS = YES_ERROR;
				CLANG_WARN_RANGE_LOOP_ANALYSIS = YES;
				CLANG_WARN_STRICT_PROTOTYPES = YES;
				CLANG_WARN_SUSPICIOUS_MOVE = YES;
				CLANG_WARN_UNREACHABLE_CODE = YES;
				CLANG_WARN__DUPLICATE_METHOD_MATCH = YES;
				"CODE_SIGN_IDENTITY[sdk=iphoneos*]" = "iPhone Developer";
				COPY_PHASE_STRIP = NO;
				DEBUG_INFORMATION_FORMAT = dwarf;
				ENABLE_STRICT_OBJC_MSGSEND = YES;
				ENABLE_TESTABILITY = YES;
				GCC_C_LANGUAGE_STANDARD = gnu99;
				GCC_DYNAMIC_NO_PIC = NO;
				GCC_NO_COMMON_BLOCKS = YES;
				GCC_OPTIMIZATION_LEVEL = 0;
				GCC_PREPROCESSOR_DEFINITIONS = (
					"DEBUG=1",
					"$(inherited)",
				);
				GCC_WARN_64_TO_32_BIT_CONVERSION = YES;
				GCC_WARN_ABOUT_RETURN_TYPE = YES_ERROR;
				GCC_WARN_UNDECLARED_SELECTOR = YES;
				GCC_WARN_UNINITIALIZED_AUTOS = YES_AGGRESSIVE;
				GCC_WARN_UNUSED_FUNCTION = YES;
				GCC_WARN_UNUSED_VARIABLE = YES;
				IPHONEOS_DEPLOYMENT_TARGET = 10.3;
				MTL_ENABLE_DEBUG_INFO = YES;
				ONLY_ACTIVE_ARCH = YES;
				SDKROOT = iphoneos;
				SWIFT_ACTIVE_COMPILATION_CONDITIONS = DEBUG;
				SWIFT_OPTIMIZATION_LEVEL = "-Onone";
				SWIFT_VERSION = 3.0;
			};
			name = Debug;
		};
		72B292AE1F6BBFAE00783908 /* Release */ = {
			isa = XCBuildConfiguration;
			buildSettings = {
				ALWAYS_SEARCH_USER_PATHS = NO;
				CLANG_ANALYZER_LOCALIZABILITY_NONLOCALIZED = YES;
				CLANG_ANALYZER_NONNULL = YES;
				CLANG_ANALYZER_NUMBER_OBJECT_CONVERSION = YES_AGGRESSIVE;
				CLANG_CXX_LANGUAGE_STANDARD = "gnu++0x";
				CLANG_CXX_LIBRARY = "libc++";
				CLANG_ENABLE_MODULES = YES;
				CLANG_ENABLE_OBJC_ARC = YES;
				CLANG_WARN_BLOCK_CAPTURE_AUTORELEASING = YES;
				CLANG_WARN_BOOL_CONVERSION = YES;
				CLANG_WARN_COMMA = YES;
				CLANG_WARN_CONSTANT_CONVERSION = YES;
				CLANG_WARN_DEPRECATED_OBJC_IMPLEMENTATIONS = YES;
				CLANG_WARN_DIRECT_OBJC_ISA_USAGE = YES_ERROR;
				CLANG_WARN_DOCUMENTATION_COMMENTS = YES;
				CLANG_WARN_EMPTY_BODY = YES;
				CLANG_WARN_ENUM_CONVERSION = YES;
				CLANG_WARN_INFINITE_RECURSION = YES;
				CLANG_WARN_INT_CONVERSION = YES;
				CLANG_WARN_NON_LITERAL_NULL_CONVERSION = YES;
				CLANG_WARN_OBJC_IMPLICIT_RETAIN_SELF = YES;
				CLANG_WARN_OBJC_LITERAL_CONVERSION = YES;
				CLANG_WARN_OBJC_ROOT_CLASS = YES_ERROR;
				CLANG_WARN_RANGE_LOOP_ANALYSIS = YES;
				CLANG_WARN_STRICT_PROTOTYPES = YES;
				CLANG_WARN_SUSPICIOUS_MOVE = YES;
				CLANG_WARN_UNREACHABLE_CODE = YES;
				CLANG_WARN__DUPLICATE_METHOD_MATCH = YES;
				"CODE_SIGN_IDENTITY[sdk=iphoneos*]" = "iPhone Developer";
				COPY_PHASE_STRIP = NO;
				DEBUG_INFORMATION_FORMAT = "dwarf-with-dsym";
				ENABLE_NS_ASSERTIONS = NO;
				ENABLE_STRICT_OBJC_MSGSEND = YES;
				GCC_C_LANGUAGE_STANDARD = gnu99;
				GCC_NO_COMMON_BLOCKS = YES;
				GCC_WARN_64_TO_32_BIT_CONVERSION = YES;
				GCC_WARN_ABOUT_RETURN_TYPE = YES_ERROR;
				GCC_WARN_UNDECLARED_SELECTOR = YES;
				GCC_WARN_UNINITIALIZED_AUTOS = YES_AGGRESSIVE;
				GCC_WARN_UNUSED_FUNCTION = YES;
				GCC_WARN_UNUSED_VARIABLE = YES;
				IPHONEOS_DEPLOYMENT_TARGET = 10.3;
				MTL_ENABLE_DEBUG_INFO = NO;
				SDKROOT = iphoneos;
				SWIFT_COMPILATION_MODE = wholemodule;
				SWIFT_OPTIMIZATION_LEVEL = "-O";
				SWIFT_VERSION = 3.0;
				VALIDATE_PRODUCT = YES;
			};
			name = Release;
		};
		72B292B01F6BBFAE00783908 /* Debug */ = {
			isa = XCBuildConfiguration;
			buildSettings = {
				ASSETCATALOG_COMPILER_APPICON_NAME = AppIcon;
				DEVELOPMENT_TEAM = TT5TKR2HF9;
				FRAMEWORK_SEARCH_PATHS = (
					"$(inherited)",
					"$(PROJECT_DIR)/Carthage/Build/iOS",
				);
				INFOPLIST_FILE = expensesMine/Info.plist;
				IPHONEOS_DEPLOYMENT_TARGET = 10.3;
				LD_RUNPATH_SEARCH_PATHS = (
					"$(inherited)",
					"@executable_path/Frameworks",
				);
				PRODUCT_BUNDLE_IDENTIFIER = de.chaosconcepts.expensesMine;
				PRODUCT_NAME = "$(TARGET_NAME)";
				SWIFT_VERSION = 5.0;
			};
			name = Debug;
		};
		72B292B11F6BBFAE00783908 /* Release */ = {
			isa = XCBuildConfiguration;
			buildSettings = {
				ASSETCATALOG_COMPILER_APPICON_NAME = AppIcon;
				DEVELOPMENT_TEAM = TT5TKR2HF9;
				FRAMEWORK_SEARCH_PATHS = (
					"$(inherited)",
					"$(PROJECT_DIR)/Carthage/Build/iOS",
				);
				INFOPLIST_FILE = expensesMine/Info.plist;
				IPHONEOS_DEPLOYMENT_TARGET = 10.3;
				LD_RUNPATH_SEARCH_PATHS = (
					"$(inherited)",
					"@executable_path/Frameworks",
				);
				PRODUCT_BUNDLE_IDENTIFIER = de.chaosconcepts.expensesMine;
				PRODUCT_NAME = "$(TARGET_NAME)";
				SWIFT_VERSION = 5.0;
			};
			name = Release;
		};
/* End XCBuildConfiguration section */

/* Begin XCConfigurationList section */
		72B292961F6BBFAE00783908 /* Build configuration list for PBXProject "expensesMine" */ = {
			isa = XCConfigurationList;
			buildConfigurations = (
				72B292AD1F6BBFAE00783908 /* Debug */,
				72B292AE1F6BBFAE00783908 /* Release */,
			);
			defaultConfigurationIsVisible = 0;
			defaultConfigurationName = Release;
		};
		72B292AF1F6BBFAE00783908 /* Build configuration list for PBXNativeTarget "expensesMine" */ = {
			isa = XCConfigurationList;
			buildConfigurations = (
				72B292B01F6BBFAE00783908 /* Debug */,
				72B292B11F6BBFAE00783908 /* Release */,
			);
			defaultConfigurationIsVisible = 0;
			defaultConfigurationName = Release;
		};
/* End XCConfigurationList section */
	};
	rootObject = 72B292931F6BBFAE00783908 /* Project object */;
}
